
Microsoft Visual Studio Solution File, Format Version 12.00
# Visual Studio 15
VisualStudioVersion = 15.0.26730.16
MinimumVisualStudioVersion = 10.0.40219.1
Project("{FAE04EC0-301F-11D3-BF4B-00C04F79EFBC}") = "TestProject.API", "TestProject.API\TestProject.API.csproj", "{227A4156-F709-41B7-ADE3-D29A75D5F233}"
EndProject
Project("{FAE04EC0-301F-11D3-BF4B-00C04F79EFBC}") = "TestProject.Services", "TestProject.Services\TestProject.Services.csproj", "{6DCE3187-1F74-4786-8F34-33A0FCA98BA4}"
EndProject
Project("{FAE04EC0-301F-11D3-BF4B-00C04F79EFBC}") = "TestProject.Repository", "TestProject.Repository\TestProject.Repository.csproj", "{05E73949-6564-458A-8F23-70D6B82FE1A4}"
EndProject
Project("{FAE04EC0-301F-11D3-BF4B-00C04F79EFBC}") = "TestProject.Data", "TestProject.Data\TestProject.Data.csproj", "{FE070E86-FB76-430D-BBAE-BC13CD53B21F}"
EndProject
Global
	GlobalSection(SolutionConfigurationPlatforms) = preSolution
		Debug|Any CPU = Debug|Any CPU
		Release|Any CPU = Release|Any CPU
	EndGlobalSection
	GlobalSection(ProjectConfigurationPlatforms) = postSolution
		{227A4156-F709-41B7-ADE3-D29A75D5F233}.Debug|Any CPU.ActiveCfg = Debug|Any CPU
		{227A4156-F709-41B7-ADE3-D29A75D5F233}.Debug|Any CPU.Build.0 = Debug|Any CPU
		{227A4156-F709-41B7-ADE3-D29A75D5F233}.Release|Any CPU.ActiveCfg = Release|Any CPU
		{227A4156-F709-41B7-ADE3-D29A75D5F233}.Release|Any CPU.Build.0 = Release|Any CPU
		{6DCE3187-1F74-4786-8F34-33A0FCA98BA4}.Debug|Any CPU.ActiveCfg = Debug|Any CPU
		{6DCE3187-1F74-4786-8F34-33A0FCA98BA4}.Debug|Any CPU.Build.0 = Debug|Any CPU
		{6DCE3187-1F74-4786-8F34-33A0FCA98BA4}.Release|Any CPU.ActiveCfg = Release|Any CPU
		{6DCE3187-1F74-4786-8F34-33A0FCA98BA4}.Release|Any CPU.Build.0 = Release|Any CPU
		{05E73949-6564-458A-8F23-70D6B82FE1A4}.Debug|Any CPU.ActiveCfg = Debug|Any CPU
		{05E73949-6564-458A-8F23-70D6B82FE1A4}.Debug|Any CPU.Build.0 = Debug|Any CPU
		{05E73949-6564-458A-8F23-70D6B82FE1A4}.Release|Any CPU.ActiveCfg = Release|Any CPU
		{05E73949-6564-458A-8F23-70D6B82FE1A4}.Release|Any CPU.Build.0 = Release|Any CPU
		{FE070E86-FB76-430D-BBAE-BC13CD53B21F}.Debug|Any CPU.ActiveCfg = Debug|Any CPU
		{FE070E86-FB76-430D-BBAE-BC13CD53B21F}.Debug|Any CPU.Build.0 = Debug|Any CPU
		{FE070E86-FB76-430D-BBAE-BC13CD53B21F}.Release|Any CPU.ActiveCfg = Release|Any CPU
		{FE070E86-FB76-430D-BBAE-BC13CD53B21F}.Release|Any CPU.Build.0 = Release|Any CPU
	EndGlobalSection
	GlobalSection(SolutionProperties) = preSolution
		HideSolutionNode = FALSE
	EndGlobalSection
	GlobalSection(ExtensibilityGlobals) = postSolution
		SolutionGuid = {93D27F52-4433-46AA-8E73-C17C26A4F5CE}
	EndGlobalSection
EndGlobal
